// !$*UTF8*$!
{
	archiveVersion = 1;
	classes = {
	};
	objectVersion = 46;
	objects = {

/* Begin PBXBuildFile section */
		240E8E4E1CCE81720087570E /* RACTimerSignal.m in Sources */ = {isa = PBXBuildFile; fileRef = 240E8E4D1CCE81720087570E /* RACTimerSignal.m */; };
		240E8E511CCE81AB0087570E /* RxOCViewController.m in Sources */ = {isa = PBXBuildFile; fileRef = 240E8E501CCE81AB0087570E /* RxOCViewController.m */; };
		240E8E531CCE81D60087570E /* RxTimerObservableCreator.swift in Sources */ = {isa = PBXBuildFile; fileRef = 240E8E521CCE81D60087570E /* RxTimerObservableCreator.swift */; };
		240E8E551CCE99DB0087570E /* CountDownTimerBaseViewController.swift in Sources */ = {isa = PBXBuildFile; fileRef = 240E8E541CCE99DB0087570E /* CountDownTimerBaseViewController.swift */; };
		240E8E571CCE9E670087570E /* MainViewController.swift in Sources */ = {isa = PBXBuildFile; fileRef = 240E8E561CCE9E670087570E /* MainViewController.swift */; };
		2432FCFD1CCA537C005ABAFF /* AppDelegate.swift in Sources */ = {isa = PBXBuildFile; fileRef = 2432FCFC1CCA537C005ABAFF /* AppDelegate.swift */; };
		2432FCFF1CCA537C005ABAFF /* NSObject+RAC4.swift in Sources */ = {isa = PBXBuildFile; fileRef = 2432FCFE1CCA537C005ABAFF /* NSObject+RAC4.swift */; };
		2432FD021CCA537C005ABAFF /* Main.storyboard in Resources */ = {isa = PBXBuildFile; fileRef = 2432FD001CCA537C005ABAFF /* Main.storyboard */; };
		2432FD041CCA537C005ABAFF /* Assets.xcassets in Resources */ = {isa = PBXBuildFile; fileRef = 2432FD031CCA537C005ABAFF /* Assets.xcassets */; };
		2432FD071CCA537C005ABAFF /* LaunchScreen.storyboard in Resources */ = {isa = PBXBuildFile; fileRef = 2432FD051CCA537C005ABAFF /* LaunchScreen.storyboard */; };
		2460CD7B1CCBE66600518594 /* RAC2RxViewController.swift in Sources */ = {isa = PBXBuildFile; fileRef = 2460CD7A1CCBE66600518594 /* RAC2RxViewController.swift */; };
		24CA46DE1CCA79D200F9D204 /* RAC4ViewController.swift in Sources */ = {isa = PBXBuildFile; fileRef = 24CA46DD1CCA79D200F9D204 /* RAC4ViewController.swift */; };
		24CA46E01CCA79DC00F9D204 /* RAC2ViewController.swift in Sources */ = {isa = PBXBuildFile; fileRef = 24CA46DF1CCA79DC00F9D204 /* RAC2ViewController.swift */; };
		24CA46E21CCA8C0700F9D204 /* RxViewController.swift in Sources */ = {isa = PBXBuildFile; fileRef = 24CA46E11CCA8C0700F9D204 /* RxViewController.swift */; };
		7242DED6B9AEC990B965530C /* Pods.framework in Frameworks */ = {isa = PBXBuildFile; fileRef = 0B40A4601AA4AB0239B301BD /* Pods.framework */; };
/* End PBXBuildFile section */

/* Begin PBXFileReference section */
		0B40A4601AA4AB0239B301BD /* Pods.framework */ = {isa = PBXFileReference; explicitFileType = wrapper.framework; includeInIndex = 0; path = Pods.framework; sourceTree = BUILT_PRODUCTS_DIR; };
		240E8E4B1CCE81710087570E /* RAC_Timer-Bridging-Header.h */ = {isa = PBXFileReference; lastKnownFileType = sourcecode.c.h; path = "RAC_Timer-Bridging-Header.h"; sourceTree = "<group>"; };
		240E8E4C1CCE81720087570E /* RACTimerSignal.h */ = {isa = PBXFileReference; fileEncoding = 4; lastKnownFileType = sourcecode.c.h; path = RACTimerSignal.h; sourceTree = "<group>"; };
		240E8E4D1CCE81720087570E /* RACTimerSignal.m */ = {isa = PBXFileReference; fileEncoding = 4; lastKnownFileType = sourcecode.c.objc; path = RACTimerSignal.m; sourceTree = "<group>"; };
		240E8E4F1CCE81AB0087570E /* RxOCViewController.h */ = {isa = PBXFileReference; fileEncoding = 4; lastKnownFileType = sourcecode.c.h; path = RxOCViewController.h; sourceTree = "<group>"; };
		240E8E501CCE81AB0087570E /* RxOCViewController.m */ = {isa = PBXFileReference; fileEncoding = 4; lastKnownFileType = sourcecode.c.objc; path = RxOCViewController.m; sourceTree = "<group>"; };
		240E8E521CCE81D60087570E /* RxTimerObservableCreator.swift */ = {isa = PBXFileReference; fileEncoding = 4; lastKnownFileType = sourcecode.swift; path = RxTimerObservableCreator.swift; sourceTree = "<group>"; };
		240E8E541CCE99DB0087570E /* CountDownTimerBaseViewController.swift */ = {isa = PBXFileReference; fileEncoding = 4; lastKnownFileType = sourcecode.swift; path = CountDownTimerBaseViewController.swift; sourceTree = "<group>"; };
		240E8E561CCE9E670087570E /* MainViewController.swift */ = {isa = PBXFileReference; fileEncoding = 4; lastKnownFileType = sourcecode.swift; path = MainViewController.swift; sourceTree = "<group>"; };
		2432FCF91CCA537C005ABAFF /* RAC_Timer.app */ = {isa = PBXFileReference; explicitFileType = wrapper.application; includeInIndex = 0; path = RAC_Timer.app; sourceTree = BUILT_PRODUCTS_DIR; };
		2432FCFC1CCA537C005ABAFF /* AppDelegate.swift */ = {isa = PBXFileReference; lastKnownFileType = sourcecode.swift; path = AppDelegate.swift; sourceTree = "<group>"; };
		2432FCFE1CCA537C005ABAFF /* NSObject+RAC4.swift */ = {isa = PBXFileReference; lastKnownFileType = sourcecode.swift; path = "NSObject+RAC4.swift"; sourceTree = "<group>"; };
		2432FD011CCA537C005ABAFF /* Base */ = {isa = PBXFileReference; lastKnownFileType = file.storyboard; name = Base; path = Base.lproj/Main.storyboard; sourceTree = "<group>"; };
		2432FD031CCA537C005ABAFF /* Assets.xcassets */ = {isa = PBXFileReference; lastKnownFileType = folder.assetcatalog; path = Assets.xcassets; sourceTree = "<group>"; };
		2432FD061CCA537C005ABAFF /* Base */ = {isa = PBXFileReference; lastKnownFileType = file.storyboard; name = Base; path = Base.lproj/LaunchScreen.storyboard; sourceTree = "<group>"; };
		2432FD081CCA537C005ABAFF /* Info.plist */ = {isa = PBXFileReference; lastKnownFileType = text.plist.xml; path = Info.plist; sourceTree = "<group>"; };
		2460CD7A1CCBE66600518594 /* RAC2RxViewController.swift */ = {isa = PBXFileReference; fileEncoding = 4; lastKnownFileType = sourcecode.swift; path = RAC2RxViewController.swift; sourceTree = "<group>"; };
		24CA46DD1CCA79D200F9D204 /* RAC4ViewController.swift */ = {isa = PBXFileReference; fileEncoding = 4; lastKnownFileType = sourcecode.swift; path = RAC4ViewController.swift; sourceTree = "<group>"; };
		24CA46DF1CCA79DC00F9D204 /* RAC2ViewController.swift */ = {isa = PBXFileReference; fileEncoding = 4; lastKnownFileType = sourcecode.swift; path = RAC2ViewController.swift; sourceTree = "<group>"; };
		24CA46E11CCA8C0700F9D204 /* RxViewController.swift */ = {isa = PBXFileReference; fileEncoding = 4; lastKnownFileType = sourcecode.swift; path = RxViewController.swift; sourceTree = "<group>"; };
		4540CC59E05265E4F0C291D9 /* Pods.release.xcconfig */ = {isa = PBXFileReference; includeInIndex = 1; lastKnownFileType = text.xcconfig; name = Pods.release.xcconfig; path = "Pods/Target Support Files/Pods/Pods.release.xcconfig"; sourceTree = "<group>"; };
		FB378F0EF5C411397D2642BE /* Pods.debug.xcconfig */ = {isa = PBXFileReference; includeInIndex = 1; lastKnownFileType = text.xcconfig; name = Pods.debug.xcconfig; path = "Pods/Target Support Files/Pods/Pods.debug.xcconfig"; sourceTree = "<group>"; };
/* End PBXFileReference section */

/* Begin PBXFrameworksBuildPhase section */
		2432FCF61CCA537C005ABAFF /* Frameworks */ = {
			isa = PBXFrameworksBuildPhase;
			buildActionMask = 2147483647;
			files = (
				7242DED6B9AEC990B965530C /* Pods.framework in Frameworks */,
			);
			runOnlyForDeploymentPostprocessing = 0;
		};
/* End PBXFrameworksBuildPhase section */

/* Begin PBXGroup section */
		2432FCF01CCA537B005ABAFF = {
			isa = PBXGroup;
			children = (
				2432FCFB1CCA537C005ABAFF /* RAC_Timer */,
				2432FCFA1CCA537C005ABAFF /* Products */,
				F13DB65E0DD2510A23B7A9A1 /* Pods */,
				3F63BEC4B3AE6BF3AF92B782 /* Frameworks */,
			);
			sourceTree = "<group>";
		};
		2432FCFA1CCA537C005ABAFF /* Products */ = {
			isa = PBXGroup;
			children = (
				2432FCF91CCA537C005ABAFF /* RAC_Timer.app */,
			);
			name = Products;
			sourceTree = "<group>";
		};
		2432FCFB1CCA537C005ABAFF /* RAC_Timer */ = {
			isa = PBXGroup;
			children = (
				2432FCFC1CCA537C005ABAFF /* AppDelegate.swift */,
				2432FCFE1CCA537C005ABAFF /* NSObject+RAC4.swift */,
				2432FD001CCA537C005ABAFF /* Main.storyboard */,
				2432FD031CCA537C005ABAFF /* Assets.xcassets */,
				2432FD051CCA537C005ABAFF /* LaunchScreen.storyboard */,
				2432FD081CCA537C005ABAFF /* Info.plist */,
				24CA46DD1CCA79D200F9D204 /* RAC4ViewController.swift */,
				24CA46DF1CCA79DC00F9D204 /* RAC2ViewController.swift */,
				2460CD7A1CCBE66600518594 /* RAC2RxViewController.swift */,
				24CA46E11CCA8C0700F9D204 /* RxViewController.swift */,
				240E8E4C1CCE81720087570E /* RACTimerSignal.h */,
				240E8E4D1CCE81720087570E /* RACTimerSignal.m */,
				240E8E4B1CCE81710087570E /* RAC_Timer-Bridging-Header.h */,
				240E8E4F1CCE81AB0087570E /* RxOCViewController.h */,
				240E8E501CCE81AB0087570E /* RxOCViewController.m */,
				240E8E521CCE81D60087570E /* RxTimerObservableCreator.swift */,
				240E8E541CCE99DB0087570E /* CountDownTimerBaseViewController.swift */,
				240E8E561CCE9E670087570E /* MainViewController.swift */,
			);
			path = RAC_Timer;
			sourceTree = "<group>";
		};
		3F63BEC4B3AE6BF3AF92B782 /* Frameworks */ = {
			isa = PBXGroup;
			children = (
				0B40A4601AA4AB0239B301BD /* Pods.framework */,
			);
			name = Frameworks;
			sourceTree = "<group>";
		};
		F13DB65E0DD2510A23B7A9A1 /* Pods */ = {
			isa = PBXGroup;
			children = (
				FB378F0EF5C411397D2642BE /* Pods.debug.xcconfig */,
				4540CC59E05265E4F0C291D9 /* Pods.release.xcconfig */,
			);
			name = Pods;
			sourceTree = "<group>";
		};
/* End PBXGroup section */

/* Begin PBXNativeTarget section */
		2432FCF81CCA537C005ABAFF /* RAC_Timer */ = {
			isa = PBXNativeTarget;
			buildConfigurationList = 2432FD0B1CCA537C005ABAFF /* Build configuration list for PBXNativeTarget "RAC_Timer" */;
			buildPhases = (
				788664C93D06517115873341 /* Check Pods Manifest.lock */,
				2432FCF51CCA537C005ABAFF /* Sources */,
				2432FCF61CCA537C005ABAFF /* Frameworks */,
				2432FCF71CCA537C005ABAFF /* Resources */,
				60E5F9F7CF13DCB5DFC15551 /* Embed Pods Frameworks */,
				06F28520347608ABAA9DC0C3 /* Copy Pods Resources */,
			);
			buildRules = (
			);
			dependencies = (
			);
			name = RAC_Timer;
			productName = RAC_Timer;
			productReference = 2432FCF91CCA537C005ABAFF /* RAC_Timer.app */;
			productType = "com.apple.product-type.application";
		};
/* End PBXNativeTarget section */

/* Begin PBXProject section */
		2432FCF11CCA537B005ABAFF /* Project object */ = {
			isa = PBXProject;
			attributes = {
				LastSwiftUpdateCheck = 0730;
				LastUpgradeCheck = 0730;
				ORGANIZATIONNAME = "陈圣晗";
				TargetAttributes = {
					2432FCF81CCA537C005ABAFF = {
						CreatedOnToolsVersion = 7.3;
					};
				};
			};
			buildConfigurationList = 2432FCF41CCA537B005ABAFF /* Build configuration list for PBXProject "RAC_Timer" */;
			compatibilityVersion = "Xcode 3.2";
			developmentRegion = English;
			hasScannedForEncodings = 0;
			knownRegions = (
				en,
				Base,
			);
			mainGroup = 2432FCF01CCA537B005ABAFF;
			productRefGroup = 2432FCFA1CCA537C005ABAFF /* Products */;
			projectDirPath = "";
			projectRoot = "";
			targets = (
				2432FCF81CCA537C005ABAFF /* RAC_Timer */,
			);
		};
/* End PBXProject section */

/* Begin PBXResourcesBuildPhase section */
		2432FCF71CCA537C005ABAFF /* Resources */ = {
			isa = PBXResourcesBuildPhase;
			buildActionMask = 2147483647;
			files = (
				2432FD071CCA537C005ABAFF /* LaunchScreen.storyboard in Resources */,
				2432FD041CCA537C005ABAFF /* Assets.xcassets in Resources */,
				2432FD021CCA537C005ABAFF /* Main.storyboard in Resources */,
			);
			runOnlyForDeploymentPostprocessing = 0;
		};
/* End PBXResourcesBuildPhase section */

/* Begin PBXShellScriptBuildPhase section */
		06F28520347608ABAA9DC0C3 /* Copy Pods Resources */ = {
			isa = PBXShellScriptBuildPhase;
			buildActionMask = 2147483647;
			files = (
			);
			inputPaths = (
			);
			name = "Copy Pods Resources";
			outputPaths = (
			);
			runOnlyForDeploymentPostprocessing = 0;
			shellPath = /bin/sh;
			shellScript = "\"${SRCROOT}/Pods/Target Support Files/Pods/Pods-resources.sh\"\n";
			showEnvVarsInLog = 0;
		};
		60E5F9F7CF13DCB5DFC15551 /* Embed Pods Frameworks */ = {
			isa = PBXShellScriptBuildPhase;
			buildActionMask = 2147483647;
			files = (
			);
			inputPaths = (
			);
			name = "Embed Pods Frameworks";
			outputPaths = (
			);
			runOnlyForDeploymentPostprocessing = 0;
			shellPath = /bin/sh;
			shellScript = "\"${SRCROOT}/Pods/Target Support Files/Pods/Pods-frameworks.sh\"\n";
			showEnvVarsInLog = 0;
		};
		788664C93D06517115873341 /* Check Pods Manifest.lock */ = {
			isa = PBXShellScriptBuildPhase;
			buildActionMask = 2147483647;
			files = (
			);
			inputPaths = (
			);
			name = "Check Pods Manifest.lock";
			outputPaths = (
			);
			runOnlyForDeploymentPostprocessing = 0;
			shellPath = /bin/sh;
			shellScript = "diff \"${PODS_ROOT}/../Podfile.lock\" \"${PODS_ROOT}/Manifest.lock\" > /dev/null\nif [[ $? != 0 ]] ; then\n    cat << EOM\nerror: The sandbox is not in sync with the Podfile.lock. Run 'pod install' or update your CocoaPods installation.\nEOM\n    exit 1\nfi\n";
			showEnvVarsInLog = 0;
		};
/* End PBXShellScriptBuildPhase section */

/* Begin PBXSourcesBuildPhase section */
		2432FCF51CCA537C005ABAFF /* Sources */ = {
			isa = PBXSourcesBuildPhase;
			buildActionMask = 2147483647;
			files = (
				240E8E4E1CCE81720087570E /* RACTimerSignal.m in Sources */,
				240E8E571CCE9E670087570E /* MainViewController.swift in Sources */,
				240E8E551CCE99DB0087570E /* CountDownTimerBaseViewController.swift in Sources */,
				2460CD7B1CCBE66600518594 /* RAC2RxViewController.swift in Sources */,
				240E8E511CCE81AB0087570E /* RxOCViewController.m in Sources */,
				2432FCFF1CCA537C005ABAFF /* NSObject+RAC4.swift in Sources */,
				240E8E531CCE81D60087570E /* RxTimerObservableCreator.swift in Sources */,
				24CA46DE1CCA79D200F9D204 /* RAC4ViewController.swift in Sources */,
				24CA46E01CCA79DC00F9D204 /* RAC2ViewController.swift in Sources */,
				2432FCFD1CCA537C005ABAFF /* AppDelegate.swift in Sources */,
				24CA46E21CCA8C0700F9D204 /* RxViewController.swift in Sources */,
			);
			runOnlyForDeploymentPostprocessing = 0;
		};
/* End PBXSourcesBuildPhase section */

/* Begin PBXVariantGroup section */
		2432FD001CCA537C005ABAFF /* Main.storyboard */ = {
			isa = PBXVariantGroup;
			children = (
				2432FD011CCA537C005ABAFF /* Base */,
			);
			name = Main.storyboard;
			sourceTree = "<group>";
		};
		2432FD051CCA537C005ABAFF /* LaunchScreen.storyboard */ = {
			isa = PBXVariantGroup;
			children = (
				2432FD061CCA537C005ABAFF /* Base */,
			);
			name = LaunchScreen.storyboard;
			sourceTree = "<group>";
		};
/* End PBXVariantGroup section */

/* Begin XCBuildConfiguration section */
		2432FD091CCA537C005ABAFF /* Debug */ = {
			isa = XCBuildConfiguration;
			buildSettings = {
				ALWAYS_SEARCH_USER_PATHS = NO;
				CLANG_ANALYZER_NONNULL = YES;
				CLANG_CXX_LANGUAGE_STANDARD = "gnu++0x";
				CLANG_CXX_LIBRARY = "libc++";
				CLANG_ENABLE_MODULES = YES;
				CLANG_ENABLE_OBJC_ARC = YES;
				CLANG_WARN_BOOL_CONVERSION = YES;
				CLANG_WARN_CONSTANT_CONVERSION = YES;
				CLANG_WARN_DIRECT_OBJC_ISA_USAGE = YES_ERROR;
				CLANG_WARN_EMPTY_BODY = YES;
				CLANG_WARN_ENUM_CONVERSION = YES;
				CLANG_WARN_INT_CONVERSION = YES;
				CLANG_WARN_OBJC_ROOT_CLASS = YES_ERROR;
				CLANG_WARN_UNREACHABLE_CODE = YES;
				CLANG_WARN__DUPLICATE_METHOD_MATCH = YES;
				"CODE_SIGN_IDENTITY[sdk=iphoneos*]" = "iPhone Developer";
				COPY_PHASE_STRIP = NO;
				DEBUG_INFORMATION_FORMAT = dwarf;
				ENABLE_STRICT_OBJC_MSGSEND = YES;
				ENABLE_TESTABILITY = YES;
				GCC_C_LANGUAGE_STANDARD = gnu99;
				GCC_DYNAMIC_NO_PIC = NO;
				GCC_NO_COMMON_BLOCKS = YES;
				GCC_OPTIMIZATION_LEVEL = 0;
				GCC_PREPROCESSOR_DEFINITIONS = (
					"DEBUG=1",
					"$(inherited)",
				);
				GCC_WARN_64_TO_32_BIT_CONVERSION = YES;
				GCC_WARN_ABOUT_RETURN_TYPE = YES_ERROR;
				GCC_WARN_UNDECLARED_SELECTOR = YES;
				GCC_WARN_UNINITIALIZED_AUTOS = YES_AGGRESSIVE;
				GCC_WARN_UNUSED_FUNCTION = YES;
				GCC_WARN_UNUSED_VARIABLE = YES;
				IPHONEOS_DEPLOYMENT_TARGET = 9.3;
				MTL_ENABLE_DEBUG_INFO = YES;
				ONLY_ACTIVE_ARCH = YES;
				SDKROOT = iphoneos;
				SWIFT_OPTIMIZATION_LEVEL = "-Onone";
			};
			name = Debug;
		};
		2432FD0A1CCA537C005ABAFF /* Release */ = {
			isa = XCBuildConfiguration;
			buildSettings = {
				ALWAYS_SEARCH_USER_PATHS = NO;
				CLANG_ANALYZER_NONNULL = YES;
				CLANG_CXX_LANGUAGE_STANDARD = "gnu++0x";
				CLANG_CXX_LIBRARY = "libc++";
				CLANG_ENABLE_MODULES = YES;
				CLANG_ENABLE_OBJC_ARC = YES;
				CLANG_WARN_BOOL_CONVERSION = YES;
				CLANG_WARN_CONSTANT_CONVERSION = YES;
				CLANG_WARN_DIRECT_OBJC_ISA_USAGE = YES_ERROR;
				CLANG_WARN_EMPTY_BODY = YES;
				CLANG_WARN_ENUM_CONVERSION = YES;
				CLANG_WARN_INT_CONVERSION = YES;
				CLANG_WARN_OBJC_ROOT_CLASS = YES_ERROR;
				CLANG_WARN_UNREACHABLE_CODE = YES;
				CLANG_WARN__DUPLICATE_METHOD_MATCH = YES;
				"CODE_SIGN_IDENTITY[sdk=iphoneos*]" = "iPhone Developer";
				COPY_PHASE_STRIP = NO;
				DEBUG_INFORMATION_FORMAT = "dwarf-with-dsym";
				ENABLE_NS_ASSERTIONS = NO;
				ENABLE_STRICT_OBJC_MSGSEND = YES;
				GCC_C_LANGUAGE_STANDARD = gnu99;
				GCC_NO_COMMON_BLOCKS = YES;
				GCC_WARN_64_TO_32_BIT_CONVERSION = YES;
				GCC_WARN_ABOUT_RETURN_TYPE = YES_ERROR;
				GCC_WARN_UNDECLARED_SELECTOR = YES;
				GCC_WARN_UNINITIALIZED_AUTOS = YES_AGGRESSIVE;
				GCC_WARN_UNUSED_FUNCTION = YES;
				GCC_WARN_UNUSED_VARIABLE = YES;
				IPHONEOS_DEPLOYMENT_TARGET = 9.3;
				MTL_ENABLE_DEBUG_INFO = NO;
				SDKROOT = iphoneos;
				VALIDATE_PRODUCT = YES;
			};
			name = Release;
		};
		2432FD0C1CCA537C005ABAFF /* Debug */ = {
			isa = XCBuildConfiguration;
			baseConfigurationReference = FB378F0EF5C411397D2642BE /* Pods.debug.xcconfig */;
			buildSettings = {
				ASSETCATALOG_COMPILER_APPICON_NAME = AppIcon;
				CLANG_ENABLE_MODULES = YES;
				INFOPLIST_FILE = RAC_Timer/Info.plist;
				LD_RUNPATH_SEARCH_PATHS = "$(inherited) @executable_path/Frameworks";
				PRODUCT_BUNDLE_IDENTIFIER = "info.zzdjk6.RAC-Timer";
				PRODUCT_NAME = "$(TARGET_NAME)";
				SWIFT_OBJC_BRIDGING_HEADER = "RAC_Timer/RAC_Timer-Bridging-Header.h";
				SWIFT_OPTIMIZATION_LEVEL = "-Onone";
			};
			name = Debug;
		};
		2432FD0D1CCA537C005ABAFF /* Release */ = {
			isa = XCBuildConfiguration;
			baseConfigurationReference = 4540CC59E05265E4F0C291D9 /* Pods.release.xcconfig */;
			buildSettings = {
				ASSETCATALOG_COMPILER_APPICON_NAME = AppIcon;
				CLANG_ENABLE_MODULES = YES;
				INFOPLIST_FILE = RAC_Timer/Info.plist;
				LD_RUNPATH_SEARCH_PATHS = "$(inherited) @executable_path/Frameworks";
				PRODUCT_BUNDLE_IDENTIFIER = "info.zzdjk6.RAC-Timer";
				PRODUCT_NAME = "$(TARGET_NAME)";
				SWIFT_OBJC_BRIDGING_HEADER = "RAC_Timer/RAC_Timer-Bridging-Header.h";
			};
			name = Release;
		};
/* End XCBuildConfiguration section */

/* Begin XCConfigurationList section */
		2432FCF41CCA537B005ABAFF /* Build configuration list for PBXProject "RAC_Timer" */ = {
			isa = XCConfigurationList;
			buildConfigurations = (
				2432FD091CCA537C005ABAFF /* Debug */,
				2432FD0A1CCA537C005ABAFF /* Release */,
			);
			defaultConfigurationIsVisible = 0;
			defaultConfigurationName = Release;
		};
		2432FD0B1CCA537C005ABAFF /* Build configuration list for PBXNativeTarget "RAC_Timer" */ = {
			isa = XCConfigurationList;
			buildConfigurations = (
				2432FD0C1CCA537C005ABAFF /* Debug */,
				2432FD0D1CCA537C005ABAFF /* Release */,
			);
			defaultConfigurationIsVisible = 0;
			defaultConfigurationName = Release;
		};
/* End XCConfigurationList section */
	};
	rootObject = 2432FCF11CCA537B005ABAFF /* Project object */;
}
